
Microsoft Visual Studio Solution File, Format Version 12.00
# Visual Studio Version 16
VisualStudioVersion = 16.0.31624.102
MinimumVisualStudioVersion = 10.0.40219.1
Project("{FAE04EC0-301F-11D3-BF4B-00C04F79EFBC}") = "wasted_app.Android", "wasted_app\wasted_app.Android\wasted_app.Android.csproj", "{6F081713-1266-445D-BB8D-CA4BAE5D16B2}"
EndProject
Project("{FAE04EC0-301F-11D3-BF4B-00C04F79EFBC}") = "wasted_app.iOS", "wasted_app\wasted_app.iOS\wasted_app.iOS.csproj", "{685E1AFC-B5E9-4089-B8E5-CAD29449F8EB}"
EndProject
Project("{FAE04EC0-301F-11D3-BF4B-00C04F79EFBC}") = "wasted_app", "wasted_app\wasted_app\wasted_app.csproj", "{D07F16BE-A134-4EFF-A45A-BB31FAC2E65E}"
EndProject
Global
	GlobalSection(SolutionConfigurationPlatforms) = preSolution
		Debug|Any CPU = Debug|Any CPU
		Debug|iPhone = Debug|iPhone
		Debug|iPhoneSimulator = Debug|iPhoneSimulator
		Release|Any CPU = Release|Any CPU
		Release|iPhone = Release|iPhone
		Release|iPhoneSimulator = Release|iPhoneSimulator
	EndGlobalSection
	GlobalSection(ProjectConfigurationPlatforms) = postSolution
		{6F081713-1266-445D-BB8D-CA4BAE5D16B2}.Debug|Any CPU.ActiveCfg = Debug|Any CPU
		{6F081713-1266-445D-BB8D-CA4BAE5D16B2}.Debug|Any CPU.Build.0 = Debug|Any CPU
		{6F081713-1266-445D-BB8D-CA4BAE5D16B2}.Debug|Any CPU.Deploy.0 = Debug|Any CPU
		{6F081713-1266-445D-BB8D-CA4BAE5D16B2}.Debug|iPhone.ActiveCfg = Debug|Any CPU
		{6F081713-1266-445D-BB8D-CA4BAE5D16B2}.Debug|iPhone.Build.0 = Debug|Any CPU
		{6F081713-1266-445D-BB8D-CA4BAE5D16B2}.Debug|iPhone.Deploy.0 = Debug|Any CPU
		{6F081713-1266-445D-BB8D-CA4BAE5D16B2}.Debug|iPhoneSimulator.ActiveCfg = Debug|Any CPU
		{6F081713-1266-445D-BB8D-CA4BAE5D16B2}.Debug|iPhoneSimulator.Build.0 = Debug|Any CPU
		{6F081713-1266-445D-BB8D-CA4BAE5D16B2}.Debug|iPhoneSimulator.Deploy.0 = Debug|Any CPU
		{6F081713-1266-445D-BB8D-CA4BAE5D16B2}.Release|Any CPU.ActiveCfg = Release|Any CPU
		{6F081713-1266-445D-BB8D-CA4BAE5D16B2}.Release|Any CPU.Build.0 = Release|Any CPU
		{6F081713-1266-445D-BB8D-CA4BAE5D16B2}.Release|Any CPU.Deploy.0 = Release|Any CPU
		{6F081713-1266-445D-BB8D-CA4BAE5D16B2}.Release|iPhone.ActiveCfg = Release|Any CPU
		{6F081713-1266-445D-BB8D-CA4BAE5D16B2}.Release|iPhone.Build.0 = Release|Any CPU
		{6F081713-1266-445D-BB8D-CA4BAE5D16B2}.Release|iPhone.Deploy.0 = Release|Any CPU
		{6F081713-1266-445D-BB8D-CA4BAE5D16B2}.Release|iPhoneSimulator.ActiveCfg = Release|Any CPU
		{6F081713-1266-445D-BB8D-CA4BAE5D16B2}.Release|iPhoneSimulator.Build.0 = Release|Any CPU
		{6F081713-1266-445D-BB8D-CA4BAE5D16B2}.Release|iPhoneSimulator.Deploy.0 = Release|Any CPU
		{685E1AFC-B5E9-4089-B8E5-CAD29449F8EB}.Debug|Any CPU.ActiveCfg = Debug|iPhone
		{685E1AFC-B5E9-4089-B8E5-CAD29449F8EB}.Debug|Any CPU.Build.0 = Debug|iPhone
		{685E1AFC-B5E9-4089-B8E5-CAD29449F8EB}.Debug|Any CPU.Deploy.0 = Debug|iPhone
		{685E1AFC-B5E9-4089-B8E5-CAD29449F8EB}.Debug|iPhone.ActiveCfg = Debug|iPhone
		{685E1AFC-B5E9-4089-B8E5-CAD29449F8EB}.Debug|iPhone.Build.0 = Debug|iPhone
		{685E1AFC-B5E9-4089-B8E5-CAD29449F8EB}.Debug|iPhone.Deploy.0 = Debug|iPhone
		{685E1AFC-B5E9-4089-B8E5-CAD29449F8EB}.Debug|iPhoneSimulator.ActiveCfg = Debug|iPhoneSimulator
		{685E1AFC-B5E9-4089-B8E5-CAD29449F8EB}.Debug|iPhoneSimulator.Build.0 = Debug|iPhoneSimulator
		{685E1AFC-B5E9-4089-B8E5-CAD29449F8EB}.Debug|iPhoneSimulator.Deploy.0 = Debug|iPhoneSimulator
		{685E1AFC-B5E9-4089-B8E5-CAD29449F8EB}.Release|Any CPU.ActiveCfg = Release|iPhoneSimulator
		{685E1AFC-B5E9-4089-B8E5-CAD29449F8EB}.Release|Any CPU.Build.0 = Release|iPhoneSimulator
		{685E1AFC-B5E9-4089-B8E5-CAD29449F8EB}.Release|Any CPU.Deploy.0 = Release|iPhoneSimulator
		{685E1AFC-B5E9-4089-B8E5-CAD29449F8EB}.Release|iPhone.ActiveCfg = Release|iPhone
		{685E1AFC-B5E9-4089-B8E5-CAD29449F8EB}.Release|iPhone.Build.0 = Release|iPhone
		{685E1AFC-B5E9-4089-B8E5-CAD29449F8EB}.Release|iPhone.Deploy.0 = Release|iPhone
		{685E1AFC-B5E9-4089-B8E5-CAD29449F8EB}.Release|iPhoneSimulator.ActiveCfg = Release|iPhoneSimulator
		{685E1AFC-B5E9-4089-B8E5-CAD29449F8EB}.Release|iPhoneSimulator.Build.0 = Release|iPhoneSimulator
		{685E1AFC-B5E9-4089-B8E5-CAD29449F8EB}.Release|iPhoneSimulator.Deploy.0 = Release|iPhoneSimulator
		{D07F16BE-A134-4EFF-A45A-BB31FAC2E65E}.Debug|Any CPU.ActiveCfg = Debug|Any CPU
		{D07F16BE-A134-4EFF-A45A-BB31FAC2E65E}.Debug|Any CPU.Build.0 = Debug|Any CPU
		{D07F16BE-A134-4EFF-A45A-BB31FAC2E65E}.Debug|Any CPU.Deploy.0 = Debug|Any CPU
		{D07F16BE-A134-4EFF-A45A-BB31FAC2E65E}.Debug|iPhone.ActiveCfg = Debug|Any CPU
		{D07F16BE-A134-4EFF-A45A-BB31FAC2E65E}.Debug|iPhone.Build.0 = Debug|Any CPU
		{D07F16BE-A134-4EFF-A45A-BB31FAC2E65E}.Debug|iPhone.Deploy.0 = Debug|Any CPU
		{D07F16BE-A134-4EFF-A45A-BB31FAC2E65E}.Debug|iPhoneSimulator.ActiveCfg = Debug|Any CPU
		{D07F16BE-A134-4EFF-A45A-BB31FAC2E65E}.Debug|iPhoneSimulator.Build.0 = Debug|Any CPU
		{D07F16BE-A134-4EFF-A45A-BB31FAC2E65E}.Debug|iPhoneSimulator.Deploy.0 = Debug|Any CPU
		{D07F16BE-A134-4EFF-A45A-BB31FAC2E65E}.Release|Any CPU.ActiveCfg = Release|Any CPU
		{D07F16BE-A134-4EFF-A45A-BB31FAC2E65E}.Release|Any CPU.Build.0 = Release|Any CPU
		{D07F16BE-A134-4EFF-A45A-BB31FAC2E65E}.Release|Any CPU.Deploy.0 = Release|Any CPU
		{D07F16BE-A134-4EFF-A45A-BB31FAC2E65E}.Release|iPhone.ActiveCfg = Release|Any CPU
		{D07F16BE-A134-4EFF-A45A-BB31FAC2E65E}.Release|iPhone.Build.0 = Release|Any CPU
		{D07F16BE-A134-4EFF-A45A-BB31FAC2E65E}.Release|iPhone.Deploy.0 = Release|Any CPU
		{D07F16BE-A134-4EFF-A45A-BB31FAC2E65E}.Release|iPhoneSimulator.ActiveCfg = Release|Any CPU
		{D07F16BE-A134-4EFF-A45A-BB31FAC2E65E}.Release|iPhoneSimulator.Build.0 = Release|Any CPU
		{D07F16BE-A134-4EFF-A45A-BB31FAC2E65E}.Release|iPhoneSimulator.Deploy.0 = Release|Any CPU
	EndGlobalSection
	GlobalSection(SolutionProperties) = preSolution
		HideSolutionNode = FALSE
	EndGlobalSection
	GlobalSection(ExtensibilityGlobals) = postSolution
		SolutionGuid = {2B7CE9E2-DBA4-463C-90D9-FA119EC8D3FE}
	EndGlobalSection
EndGlobal
